
Microsoft Visual Studio Solution File, Format Version 12.00
# Visual Studio Version 17
VisualStudioVersion = 17.14.36327.8 d17.14
MinimumVisualStudioVersion = 10.0.40219.1
Project("{FAE04EC0-301F-11D3-BF4B-00C04F79EFBC}") = "ListaDeCompras", "ListaDeCompras\ListaDeCompras.csproj", "{D90EB089-5F85-4700-B6DC-8A8234BD9C6C}"
EndProject
Global
	GlobalSection(SolutionConfigurationPlatforms) = preSolution
		Debug|Any CPU = Debug|Any CPU
		Release|Any CPU = Release|Any CPU
	EndGlobalSection
	GlobalSection(ProjectConfigurationPlatforms) = postSolution
		{D90EB089-5F85-4700-B6DC-8A8234BD9C6C}.Debug|Any CPU.ActiveCfg = Debug|Any CPU
		{D90EB089-5F85-4700-B6DC-8A8234BD9C6C}.Debug|Any CPU.Build.0 = Debug|Any CPU
		{D90EB089-5F85-4700-B6DC-8A8234BD9C6C}.Release|Any CPU.ActiveCfg = Release|Any CPU
		{D90EB089-5F85-4700-B6DC-8A8234BD9C6C}.Release|Any CPU.Build.0 = Release|Any CPU
	EndGlobalSection
	GlobalSection(SolutionProperties) = preSolution
		HideSolutionNode = FALSE
	EndGlobalSection
	GlobalSection(ExtensibilityGlobals) = postSolution
		SolutionGuid = {AEDB4014-A548-4811-9873-176050ECCA47}
	EndGlobalSection
EndGlobal
